{
  "nodes": {
    "alejandra": {
      "inputs": {
        "fenix": "fenix",
        "flakeCompat": "flakeCompat",
        "nixpkgs": [
          "nixpkgs"
        ]
      },
      "locked": {
        "lastModified": 1660510326,
        "narHash": "sha256-xFumnivtVwu5fFBOrTxrv6fv3geHKF04RGP23EsDVaI=",
        "owner": "kamadorueda",
        "repo": "alejandra",
        "rev": "ef03f7ef74ec97fd91a016a51c9c9667fb315652",
        "type": "github"
      },
      "original": {
        "owner": "kamadorueda",
        "ref": "3.0.0",
        "repo": "alejandra",
        "type": "github"
      }
    },
    "clrpkgs": {
      "inputs": {
        "flake-utils": [
          "flake-utils"
        ],
        "home-manager": [
          "home-manager"
        ],
        "nixpkgs": [
          "nixpkgs"
        ],
        "spicetify-nix": "spicetify-nix"
      },
      "locked": {
        "lastModified": 1695260783,
        "narHash": "sha256-W6is6eay7MW05s9m5fSetlYArNPfOr5vWr5510XeTp4=",
        "owner": "clr-cera",
        "repo": "clrpkgs",
        "rev": "b67b2015dda6275a03cb9e4a414e7a0e839af347",
        "type": "github"
      },
      "original": {
        "owner": "clr-cera",
        "repo": "clrpkgs",
        "type": "github"
      }
    },
    "fenix": {
      "inputs": {
        "nixpkgs": [
          "alejandra",
          "nixpkgs"
        ],
        "rust-analyzer-src": "rust-analyzer-src"
      },
      "locked": {
        "lastModified": 1657607339,
        "narHash": "sha256-HaqoAwlbVVZH2n4P3jN2FFPMpVuhxDy1poNOR7kzODc=",
        "owner": "nix-community",
        "repo": "fenix",
        "rev": "b814c83d9e6aa5a28d0cf356ecfdafb2505ad37d",
        "type": "github"
      },
      "original": {
        "owner": "nix-community",
        "repo": "fenix",
        "type": "github"
      }
    },
    "flake-utils": {
      "inputs": {
        "systems": "systems"
      },
      "locked": {
        "lastModified": 1694529238,
        "narHash": "sha256-zsNZZGTGnMOf9YpHKJqMSsa0dXbfmxeoJ7xHlrt+xmY=",
        "owner": "numtide",
        "repo": "flake-utils",
        "rev": "ff7b65b44d01cf9ba6a71320833626af21126384",
        "type": "github"
      },
      "original": {
        "owner": "numtide",
        "repo": "flake-utils",
        "type": "github"
      }
    },
    "flakeCompat": {
      "flake": false,
      "locked": {
        "lastModified": 1650374568,
        "narHash": "sha256-Z+s0J8/r907g149rllvwhb4pKi8Wam5ij0st8PwAh+E=",
        "owner": "edolstra",
        "repo": "flake-compat",
        "rev": "b4a34015c698c7793d592d66adbab377907a2be8",
        "type": "github"
      },
      "original": {
        "owner": "edolstra",
        "repo": "flake-compat",
        "type": "github"
      }
    },
    "hardware": {
      "locked": {
        "lastModified": 1696161939,
        "narHash": "sha256-HI1DxS//s46/qv9dcW06TzXaBjxL2DVTQP8R1QsnHzM=",
        "owner": "nixos",
        "repo": "nixos-hardware",
        "rev": "0ab3ee718e964fb42dc57ace6170f19cb0b66532",
        "type": "github"
      },
      "original": {
        "owner": "nixos",
        "repo": "nixos-hardware",
        "type": "github"
      }
    },
    "home-manager": {
      "inputs": {
        "nixpkgs": [
          "nixpkgs"
        ]
      },
      "locked": {
        "lastModified": 1696145345,
        "narHash": "sha256-3dM7I/d4751SLPJah0to1WBlWiyzIiuCEUwJqwBdmr4=",
        "owner": "nix-community",
        "repo": "home-manager",
        "rev": "6f9b5b83ad1f470b3d11b8a9fe1d5ef68c7d0e30",
        "type": "github"
      },
      "original": {
        "owner": "nix-community",
        "repo": "home-manager",
        "type": "github"
      }
    },
    "nixpkgs": {
      "locked": {
        "lastModified": 1696019113,
        "narHash": "sha256-X3+DKYWJm93DRSdC5M6K5hLqzSya9BjibtBsuARoPco=",
        "owner": "nixos",
        "repo": "nixpkgs",
        "rev": "f5892ddac112a1e9b3612c39af1b72987ee5783a",
        "type": "github"
      },
      "original": {
        "owner": "nixos",
        "ref": "nixos-unstable",
        "repo": "nixpkgs",
        "type": "github"
      }
    },
    "root": {
      "inputs": {
        "alejandra": "alejandra",
        "clrpkgs": "clrpkgs",
        "flake-utils": "flake-utils",
        "hardware": "hardware",
        "home-manager": "home-manager",
        "nixpkgs": "nixpkgs",
        "spicetify-nix": "spicetify-nix_2"
      }
    },
    "rust-analyzer-src": {
      "flake": false,
      "locked": {
        "lastModified": 1657557289,
        "narHash": "sha256-PRW+nUwuqNTRAEa83SfX+7g+g8nQ+2MMbasQ9nt6+UM=",
        "owner": "rust-lang",
        "repo": "rust-analyzer",
        "rev": "caf23f29144b371035b864a1017dbc32573ad56d",
        "type": "github"
      },
      "original": {
        "owner": "rust-lang",
        "ref": "nightly",
        "repo": "rust-analyzer",
        "type": "github"
      }
    },
    "spicetify-nix": {
      "inputs": {
        "flake-utils": [
          "clrpkgs",
          "flake-utils"
        ],
        "nixpkgs": [
          "clrpkgs",
          "nixpkgs"
        ]
      },
      "locked": {
        "lastModified": 1693075322,
        "narHash": "sha256-O/qmWiE23pzYMSKNhA74jfY1D5TyiJrHx35PYkRx9Gs=",
        "owner": "the-argus",
        "repo": "spicetify-nix",
        "rev": "78495ade242ad155942c2e33e3930e4a05963f13",
        "type": "github"
      },
      "original": {
        "owner": "the-argus",
        "repo": "spicetify-nix",
        "type": "github"
      }
    },
    "spicetify-nix_2": {
      "inputs": {
        "flake-utils": [
          "flake-utils"
        ],
        "nixpkgs": [
          "nixpkgs"
        ]
      },
      "locked": {
        "lastModified": 1693075322,
        "narHash": "sha256-O/qmWiE23pzYMSKNhA74jfY1D5TyiJrHx35PYkRx9Gs=",
        "owner": "the-argus",
        "repo": "spicetify-nix",
        "rev": "78495ade242ad155942c2e33e3930e4a05963f13",
        "type": "github"
      },
      "original": {
        "owner": "the-argus",
        "repo": "spicetify-nix",
        "type": "github"
      }
    },
    "systems": {
      "locked": {
        "lastModified": 1681028828,
        "narHash": "sha256-Vy1rq5AaRuLzOxct8nz4T6wlgyUR7zLU309k9mBC768=",
        "owner": "nix-systems",
        "repo": "default",
        "rev": "da67096a3b9bf56a91d16901293e51ba5b49a27e",
        "type": "github"
      },
      "original": {
        "owner": "nix-systems",
        "repo": "default",
        "type": "github"
      }
    }
  },
  "root": "root",
  "version": 7
}
